
Microsoft Visual Studio Solution File, Format Version 12.00
# Visual Studio Version 16
VisualStudioVersion = 16.0.31205.134
MinimumVisualStudioVersion = 10.0.40219.1
Project("{FAE04EC0-301F-11D3-BF4B-00C04F79EFBC}") = "NoteCalculatorApp", "NoteCalculatorApp\NoteCalculatorApp.csproj", "{5352448D-7F9B-4416-A63B-3BEB03A4CAE8}"
EndProject
Global
	GlobalSection(SolutionConfigurationPlatforms) = preSolution
		Debug|Any CPU = Debug|Any CPU
		Release|Any CPU = Release|Any CPU
	EndGlobalSection
	GlobalSection(ProjectConfigurationPlatforms) = postSolution
		{5352448D-7F9B-4416-A63B-3BEB03A4CAE8}.Debug|Any CPU.ActiveCfg = Debug|Any CPU
		{5352448D-7F9B-4416-A63B-3BEB03A4CAE8}.Debug|Any CPU.Build.0 = Debug|Any CPU
		{5352448D-7F9B-4416-A63B-3BEB03A4CAE8}.Release|Any CPU.ActiveCfg = Release|Any CPU
		{5352448D-7F9B-4416-A63B-3BEB03A4CAE8}.Release|Any CPU.Build.0 = Release|Any CPU
	EndGlobalSection
	GlobalSection(SolutionProperties) = preSolution
		HideSolutionNode = FALSE
	EndGlobalSection
	GlobalSection(ExtensibilityGlobals) = postSolution
		SolutionGuid = {52CAC191-0CDC-48C8-B5AD-A44530141CD6}
	EndGlobalSection
EndGlobal
