
Microsoft Visual Studio Solution File, Format Version 12.00
# Visual Studio Version 16
VisualStudioVersion = 16.0.31410.357
MinimumVisualStudioVersion = 10.0.40219.1
Project("{FAE04EC0-301F-11D3-BF4B-00C04F79EFBC}") = "HorseRaceGame", "HorseRaceGame\HorseRaceGame.csproj", "{59D65E6D-B6BE-44BD-A401-C2757BE11C9A}"
EndProject
Global
	GlobalSection(SolutionConfigurationPlatforms) = preSolution
		Debug|Any CPU = Debug|Any CPU
		Release|Any CPU = Release|Any CPU
	EndGlobalSection
	GlobalSection(ProjectConfigurationPlatforms) = postSolution
		{59D65E6D-B6BE-44BD-A401-C2757BE11C9A}.Debug|Any CPU.ActiveCfg = Debug|Any CPU
		{59D65E6D-B6BE-44BD-A401-C2757BE11C9A}.Debug|Any CPU.Build.0 = Debug|Any CPU
		{59D65E6D-B6BE-44BD-A401-C2757BE11C9A}.Release|Any CPU.ActiveCfg = Release|Any CPU
		{59D65E6D-B6BE-44BD-A401-C2757BE11C9A}.Release|Any CPU.Build.0 = Release|Any CPU
	EndGlobalSection
	GlobalSection(SolutionProperties) = preSolution
		HideSolutionNode = FALSE
	EndGlobalSection
	GlobalSection(ExtensibilityGlobals) = postSolution
		SolutionGuid = {A63B77F3-F4CF-46A5-8E29-93C86E79AC0D}
	EndGlobalSection
EndGlobal
