
Microsoft Visual Studio Solution File, Format Version 12.00
# Visual Studio Version 16
VisualStudioVersion = 16.0.31205.134
MinimumVisualStudioVersion = 10.0.40219.1
Project("{FAE04EC0-301F-11D3-BF4B-00C04F79EFBC}") = "CheckListBoxAddCountryItem", "CheckListBoxAddCountryItem\CheckListBoxAddCountryItem.csproj", "{E0CAE1F8-4272-42E8-9D29-149469F32205}"
EndProject
Global
	GlobalSection(SolutionConfigurationPlatforms) = preSolution
		Debug|Any CPU = Debug|Any CPU
		Release|Any CPU = Release|Any CPU
	EndGlobalSection
	GlobalSection(ProjectConfigurationPlatforms) = postSolution
		{E0CAE1F8-4272-42E8-9D29-149469F32205}.Debug|Any CPU.ActiveCfg = Debug|Any CPU
		{E0CAE1F8-4272-42E8-9D29-149469F32205}.Debug|Any CPU.Build.0 = Debug|Any CPU
		{E0CAE1F8-4272-42E8-9D29-149469F32205}.Release|Any CPU.ActiveCfg = Release|Any CPU
		{E0CAE1F8-4272-42E8-9D29-149469F32205}.Release|Any CPU.Build.0 = Release|Any CPU
	EndGlobalSection
	GlobalSection(SolutionProperties) = preSolution
		HideSolutionNode = FALSE
	EndGlobalSection
	GlobalSection(ExtensibilityGlobals) = postSolution
		SolutionGuid = {37C140E9-9B6E-4607-8C1B-91D8FDBCF69C}
	EndGlobalSection
EndGlobal
