
Microsoft Visual Studio Solution File, Format Version 12.00
# Visual Studio Version 16
VisualStudioVersion = 16.0.31205.134
MinimumVisualStudioVersion = 10.0.40219.1
Project("{FAE04EC0-301F-11D3-BF4B-00C04F79EFBC}") = "CheckListBoxAddSportsItem", "CheckListBoxAddSportsItem\CheckListBoxAddSportsItem.csproj", "{DF32FDEE-8DBD-437F-BA09-A691E132AF54}"
EndProject
Global
	GlobalSection(SolutionConfigurationPlatforms) = preSolution
		Debug|Any CPU = Debug|Any CPU
		Release|Any CPU = Release|Any CPU
	EndGlobalSection
	GlobalSection(ProjectConfigurationPlatforms) = postSolution
		{DF32FDEE-8DBD-437F-BA09-A691E132AF54}.Debug|Any CPU.ActiveCfg = Debug|Any CPU
		{DF32FDEE-8DBD-437F-BA09-A691E132AF54}.Debug|Any CPU.Build.0 = Debug|Any CPU
		{DF32FDEE-8DBD-437F-BA09-A691E132AF54}.Release|Any CPU.ActiveCfg = Release|Any CPU
		{DF32FDEE-8DBD-437F-BA09-A691E132AF54}.Release|Any CPU.Build.0 = Release|Any CPU
	EndGlobalSection
	GlobalSection(SolutionProperties) = preSolution
		HideSolutionNode = FALSE
	EndGlobalSection
	GlobalSection(ExtensibilityGlobals) = postSolution
		SolutionGuid = {BF1D6B9D-8728-46E3-B5FD-B534B1F6D9C5}
	EndGlobalSection
EndGlobal
