
Microsoft Visual Studio Solution File, Format Version 12.00
# Visual Studio Version 16
VisualStudioVersion = 16.0.31424.327
MinimumVisualStudioVersion = 10.0.40219.1
Project("{FAE04EC0-301F-11D3-BF4B-00C04F79EFBC}") = "LibraryAutomation", "LibraryAutomation\LibraryAutomation.csproj", "{C2917ED8-D8DF-4A7E-8183-6E2D94DE18DA}"
EndProject
Global
	GlobalSection(SolutionConfigurationPlatforms) = preSolution
		Debug|Any CPU = Debug|Any CPU
		Release|Any CPU = Release|Any CPU
	EndGlobalSection
	GlobalSection(ProjectConfigurationPlatforms) = postSolution
		{C2917ED8-D8DF-4A7E-8183-6E2D94DE18DA}.Debug|Any CPU.ActiveCfg = Debug|Any CPU
		{C2917ED8-D8DF-4A7E-8183-6E2D94DE18DA}.Debug|Any CPU.Build.0 = Debug|Any CPU
		{C2917ED8-D8DF-4A7E-8183-6E2D94DE18DA}.Release|Any CPU.ActiveCfg = Release|Any CPU
		{C2917ED8-D8DF-4A7E-8183-6E2D94DE18DA}.Release|Any CPU.Build.0 = Release|Any CPU
	EndGlobalSection
	GlobalSection(SolutionProperties) = preSolution
		HideSolutionNode = FALSE
	EndGlobalSection
	GlobalSection(ExtensibilityGlobals) = postSolution
		SolutionGuid = {8A7A45B8-CC5F-4751-A399-5F9EA9483DC3}
	EndGlobalSection
EndGlobal
